
Microsoft Visual Studio Solution File, Format Version 12.00
# Visual Studio 15
VisualStudioVersion = 15.0.26730.12
MinimumVisualStudioVersion = 10.0.40219.1
Project("{FAE04EC0-301F-11D3-BF4B-00C04F79EFBC}") = "ConsoleApp1", "ConsoleApp1.csproj", "{6BAB9C2C-FCF9-4540-8BBC-70CF8F78CEF9}"
EndProject
Global
	GlobalSection(SolutionConfigurationPlatforms) = preSolution
		Debug|Any CPU = Debug|Any CPU
		Release|Any CPU = Release|Any CPU
	EndGlobalSection
	GlobalSection(ProjectConfigurationPlatforms) = postSolution
		{6BAB9C2C-FCF9-4540-8BBC-70CF8F78CEF9}.Debug|Any CPU.ActiveCfg = Debug|Any CPU
		{6BAB9C2C-FCF9-4540-8BBC-70CF8F78CEF9}.Debug|Any CPU.Build.0 = Debug|Any CPU
		{6BAB9C2C-FCF9-4540-8BBC-70CF8F78CEF9}.Release|Any CPU.ActiveCfg = Release|Any CPU
		{6BAB9C2C-FCF9-4540-8BBC-70CF8F78CEF9}.Release|Any CPU.Build.0 = Release|Any CPU
	EndGlobalSection
	GlobalSection(SolutionProperties) = preSolution
		HideSolutionNode = FALSE
	EndGlobalSection
	GlobalSection(ExtensibilityGlobals) = postSolution
		SolutionGuid = {F1EB1552-46E4-49B5-B1FC-8397BB4A0EEC}
	EndGlobalSection
EndGlobal
